
Microsoft Visual Studio Solution File, Format Version 12.00
# Visual Studio Version 17
VisualStudioVersion = 17.1.32328.378
MinimumVisualStudioVersion = 10.0.40219.1
Project("{2150E333-8FDC-42A3-9474-1A3956D46DE8}") = "Modules", "Modules", "{80F5D162-B1E6-457B-BC22-C86016F278AF}"
EndProject
Project("{2150E333-8FDC-42A3-9474-1A3956D46DE8}") = "Plugins", "Plugins", "{A9BB24BC-C7EC-42E9-BE13-C12CEBD681C6}"
EndProject
Project("{2150E333-8FDC-42A3-9474-1A3956D46DE8}") = "Libraries", "Libraries", "{527506C8-7576-4747-B5F8-A2FD6673C28B}"
EndProject
Project("{2150E333-8FDC-42A3-9474-1A3956D46DE8}") = "Avalonia", "Avalonia", "{8F9141DE-F778-4FAD-9F5D-FA52E081AABB}"
EndProject
Project("{9A19103F-16F7-4668-BE54-9A1E7A4F7556}") = "Avalonia.Win32", "Libraries\Avalonia\src\Windows\Avalonia.Win32\Avalonia.Win32.csproj", "{C7CAC111-A0D5-422A-9F9F-0779EE5AC763}"
EndProject
Project("{9A19103F-16F7-4668-BE54-9A1E7A4F7556}") = "Avalonia.Skia", "Libraries\Avalonia\src\Skia\Avalonia.Skia\Avalonia.Skia.csproj", "{CE3FDF51-36B7-459B-AA98-C77C7862737C}"
EndProject
Project("{8BC9CEB8-8B4A-11D0-8D11-00A0C91BC942}") = "D3D12MA", "Libraries\D3D12MA\D3D12MA.vcxproj", "{E4D29A9A-27F8-419F-A421-ADAA11450692}"
EndProject
Project("{9A19103F-16F7-4668-BE54-9A1E7A4F7556}") = "NFM", "NFM\NFM.csproj", "{4D686916-E9E4-4A4C-B74E-B4293921C299}"
	ProjectSection(ProjectDependencies) = postProject
		{AAFFF868-CF06-4D1A-8136-75ACDF840F00} = {AAFFF868-CF06-4D1A-8136-75ACDF840F00}
		{E4D29A9A-27F8-419F-A421-ADAA11450692} = {E4D29A9A-27F8-419F-A421-ADAA11450692}
	EndProjectSection
EndProject
Project("{9A19103F-16F7-4668-BE54-9A1E7A4F7556}") = "NFM.Engine", "NFM.Engine\NFM.Engine.csproj", "{144AA19B-2076-4069-897D-F5956EE57409}"
	ProjectSection(ProjectDependencies) = postProject
		{48117E56-328C-498D-AE49-299AC33AB300} = {48117E56-328C-498D-AE49-299AC33AB300}
	EndProjectSection
EndProject
Project("{9A19103F-16F7-4668-BE54-9A1E7A4F7556}") = "NFM.Common", "Modules\NFM.Common\NFM.Common.csproj", "{3F944E66-DAD8-4D1C-B186-6879940FA713}"
EndProject
Project("{9A19103F-16F7-4668-BE54-9A1E7A4F7556}") = "NFM.GPU", "Modules\NFM.GPU\NFM.GPU.csproj", "{99710B3E-751C-4753-B5EA-4916C53C03E3}"
EndProject
Project("{9A19103F-16F7-4668-BE54-9A1E7A4F7556}") = "NFM.Generators", "Modules\NFM.Generators\NFM.Generators.csproj", "{EAA82F0C-CB6D-4790-85AB-987F6977BAAF}"
EndProject
Project("{9A19103F-16F7-4668-BE54-9A1E7A4F7556}") = "GLTF", "Modules\Plugins\GLTF\GLTF.csproj", "{AAFFF868-CF06-4D1A-8136-75ACDF840F00}"
EndProject
Project("{8BC9CEB8-8B4A-11D0-8D11-00A0C91BC942}") = "meshoptimizer", "Libraries\meshoptimizer\meshoptimizer.vcxproj", "{48117E56-328C-498D-AE49-299AC33AB300}"
EndProject
Project("{8BC9CEB8-8B4A-11D0-8D11-00A0C91BC942}") = "mikktspace", "Libraries\mikktspace\mikktspace.vcxproj", "{2E8FB959-85A6-44AC-A85C-4D51A3204D76}"
EndProject
Global
	GlobalSection(SolutionConfigurationPlatforms) = preSolution
		Debug|Any CPU = Debug|Any CPU
		Debug|x64 = Debug|x64
		Debug|x86 = Debug|x86
		Release|Any CPU = Release|Any CPU
		Release|x64 = Release|x64
		Release|x86 = Release|x86
	EndGlobalSection
	GlobalSection(ProjectConfigurationPlatforms) = postSolution
		{C7CAC111-A0D5-422A-9F9F-0779EE5AC763}.Debug|Any CPU.ActiveCfg = Debug|Any CPU
		{C7CAC111-A0D5-422A-9F9F-0779EE5AC763}.Debug|Any CPU.Build.0 = Debug|Any CPU
		{C7CAC111-A0D5-422A-9F9F-0779EE5AC763}.Debug|x64.ActiveCfg = Debug|Any CPU
		{C7CAC111-A0D5-422A-9F9F-0779EE5AC763}.Debug|x64.Build.0 = Debug|Any CPU
		{C7CAC111-A0D5-422A-9F9F-0779EE5AC763}.Debug|x86.ActiveCfg = Debug|Any CPU
		{C7CAC111-A0D5-422A-9F9F-0779EE5AC763}.Debug|x86.Build.0 = Debug|Any CPU
		{C7CAC111-A0D5-422A-9F9F-0779EE5AC763}.Release|Any CPU.ActiveCfg = Release|Any CPU
		{C7CAC111-A0D5-422A-9F9F-0779EE5AC763}.Release|Any CPU.Build.0 = Release|Any CPU
		{C7CAC111-A0D5-422A-9F9F-0779EE5AC763}.Release|x64.ActiveCfg = Release|Any CPU
		{C7CAC111-A0D5-422A-9F9F-0779EE5AC763}.Release|x64.Build.0 = Release|Any CPU
		{C7CAC111-A0D5-422A-9F9F-0779EE5AC763}.Release|x86.ActiveCfg = Release|Any CPU
		{C7CAC111-A0D5-422A-9F9F-0779EE5AC763}.Release|x86.Build.0 = Release|Any CPU
		{CE3FDF51-36B7-459B-AA98-C77C7862737C}.Debug|Any CPU.ActiveCfg = Debug|Any CPU
		{CE3FDF51-36B7-459B-AA98-C77C7862737C}.Debug|Any CPU.Build.0 = Debug|Any CPU
		{CE3FDF51-36B7-459B-AA98-C77C7862737C}.Debug|x64.ActiveCfg = Debug|Any CPU
		{CE3FDF51-36B7-459B-AA98-C77C7862737C}.Debug|x64.Build.0 = Debug|Any CPU
		{CE3FDF51-36B7-459B-AA98-C77C7862737C}.Debug|x86.ActiveCfg = Debug|Any CPU
		{CE3FDF51-36B7-459B-AA98-C77C7862737C}.Debug|x86.Build.0 = Debug|Any CPU
		{CE3FDF51-36B7-459B-AA98-C77C7862737C}.Release|Any CPU.ActiveCfg = Release|Any CPU
		{CE3FDF51-36B7-459B-AA98-C77C7862737C}.Release|Any CPU.Build.0 = Release|Any CPU
		{CE3FDF51-36B7-459B-AA98-C77C7862737C}.Release|x64.ActiveCfg = Release|Any CPU
		{CE3FDF51-36B7-459B-AA98-C77C7862737C}.Release|x64.Build.0 = Release|Any CPU
		{CE3FDF51-36B7-459B-AA98-C77C7862737C}.Release|x86.ActiveCfg = Release|Any CPU
		{CE3FDF51-36B7-459B-AA98-C77C7862737C}.Release|x86.Build.0 = Release|Any CPU
		{E4D29A9A-27F8-419F-A421-ADAA11450692}.Debug|Any CPU.ActiveCfg = Debug|x64
		{E4D29A9A-27F8-419F-A421-ADAA11450692}.Debug|Any CPU.Build.0 = Debug|x64
		{E4D29A9A-27F8-419F-A421-ADAA11450692}.Debug|x64.ActiveCfg = Debug|x64
		{E4D29A9A-27F8-419F-A421-ADAA11450692}.Debug|x64.Build.0 = Debug|x64
		{E4D29A9A-27F8-419F-A421-ADAA11450692}.Debug|x86.ActiveCfg = Debug|Win32
		{E4D29A9A-27F8-419F-A421-ADAA11450692}.Debug|x86.Build.0 = Debug|Win32
		{E4D29A9A-27F8-419F-A421-ADAA11450692}.Release|Any CPU.ActiveCfg = Release|x64
		{E4D29A9A-27F8-419F-A421-ADAA11450692}.Release|Any CPU.Build.0 = Release|x64
		{E4D29A9A-27F8-419F-A421-ADAA11450692}.Release|x64.ActiveCfg = Release|x64
		{E4D29A9A-27F8-419F-A421-ADAA11450692}.Release|x64.Build.0 = Release|x64
		{E4D29A9A-27F8-419F-A421-ADAA11450692}.Release|x86.ActiveCfg = Release|Win32
		{E4D29A9A-27F8-419F-A421-ADAA11450692}.Release|x86.Build.0 = Release|Win32
		{4D686916-E9E4-4A4C-B74E-B4293921C299}.Debug|Any CPU.ActiveCfg = Debug|Any CPU
		{4D686916-E9E4-4A4C-B74E-B4293921C299}.Debug|Any CPU.Build.0 = Debug|Any CPU
		{4D686916-E9E4-4A4C-B74E-B4293921C299}.Debug|x64.ActiveCfg = Debug|Any CPU
		{4D686916-E9E4-4A4C-B74E-B4293921C299}.Debug|x64.Build.0 = Debug|Any CPU
		{4D686916-E9E4-4A4C-B74E-B4293921C299}.Debug|x86.ActiveCfg = Debug|Any CPU
		{4D686916-E9E4-4A4C-B74E-B4293921C299}.Debug|x86.Build.0 = Debug|Any CPU
		{4D686916-E9E4-4A4C-B74E-B4293921C299}.Release|Any CPU.ActiveCfg = Release|Any CPU
		{4D686916-E9E4-4A4C-B74E-B4293921C299}.Release|Any CPU.Build.0 = Release|Any CPU
		{4D686916-E9E4-4A4C-B74E-B4293921C299}.Release|x64.ActiveCfg = Release|Any CPU
		{4D686916-E9E4-4A4C-B74E-B4293921C299}.Release|x64.Build.0 = Release|Any CPU
		{4D686916-E9E4-4A4C-B74E-B4293921C299}.Release|x86.ActiveCfg = Release|Any CPU
		{4D686916-E9E4-4A4C-B74E-B4293921C299}.Release|x86.Build.0 = Release|Any CPU
		{144AA19B-2076-4069-897D-F5956EE57409}.Debug|Any CPU.ActiveCfg = Debug|Any CPU
		{144AA19B-2076-4069-897D-F5956EE57409}.Debug|Any CPU.Build.0 = Debug|Any CPU
		{144AA19B-2076-4069-897D-F5956EE57409}.Debug|x64.ActiveCfg = Debug|Any CPU
		{144AA19B-2076-4069-897D-F5956EE57409}.Debug|x64.Build.0 = Debug|Any CPU
		{144AA19B-2076-4069-897D-F5956EE57409}.Debug|x86.ActiveCfg = Debug|Any CPU
		{144AA19B-2076-4069-897D-F5956EE57409}.Debug|x86.Build.0 = Debug|Any CPU
		{144AA19B-2076-4069-897D-F5956EE57409}.Release|Any CPU.ActiveCfg = Release|Any CPU
		{144AA19B-2076-4069-897D-F5956EE57409}.Release|Any CPU.Build.0 = Release|Any CPU
		{144AA19B-2076-4069-897D-F5956EE57409}.Release|x64.ActiveCfg = Release|Any CPU
		{144AA19B-2076-4069-897D-F5956EE57409}.Release|x64.Build.0 = Release|Any CPU
		{144AA19B-2076-4069-897D-F5956EE57409}.Release|x86.ActiveCfg = Release|Any CPU
		{144AA19B-2076-4069-897D-F5956EE57409}.Release|x86.Build.0 = Release|Any CPU
		{3F944E66-DAD8-4D1C-B186-6879940FA713}.Debug|Any CPU.ActiveCfg = Debug|x64
		{3F944E66-DAD8-4D1C-B186-6879940FA713}.Debug|Any CPU.Build.0 = Debug|x64
		{3F944E66-DAD8-4D1C-B186-6879940FA713}.Debug|x64.ActiveCfg = Debug|x64
		{3F944E66-DAD8-4D1C-B186-6879940FA713}.Debug|x64.Build.0 = Debug|x64
		{3F944E66-DAD8-4D1C-B186-6879940FA713}.Debug|x86.ActiveCfg = Debug|x64
		{3F944E66-DAD8-4D1C-B186-6879940FA713}.Debug|x86.Build.0 = Debug|x64
		{3F944E66-DAD8-4D1C-B186-6879940FA713}.Release|Any CPU.ActiveCfg = Release|x64
		{3F944E66-DAD8-4D1C-B186-6879940FA713}.Release|Any CPU.Build.0 = Release|x64
		{3F944E66-DAD8-4D1C-B186-6879940FA713}.Release|x64.ActiveCfg = Release|x64
		{3F944E66-DAD8-4D1C-B186-6879940FA713}.Release|x64.Build.0 = Release|x64
		{3F944E66-DAD8-4D1C-B186-6879940FA713}.Release|x86.ActiveCfg = Release|x64
		{3F944E66-DAD8-4D1C-B186-6879940FA713}.Release|x86.Build.0 = Release|x64
		{99710B3E-751C-4753-B5EA-4916C53C03E3}.Debug|Any CPU.ActiveCfg = Debug|x64
		{99710B3E-751C-4753-B5EA-4916C53C03E3}.Debug|Any CPU.Build.0 = Debug|x64
		{99710B3E-751C-4753-B5EA-4916C53C03E3}.Debug|x64.ActiveCfg = Debug|x64
		{99710B3E-751C-4753-B5EA-4916C53C03E3}.Debug|x64.Build.0 = Debug|x64
		{99710B3E-751C-4753-B5EA-4916C53C03E3}.Debug|x86.ActiveCfg = Debug|x64
		{99710B3E-751C-4753-B5EA-4916C53C03E3}.Debug|x86.Build.0 = Debug|x64
		{99710B3E-751C-4753-B5EA-4916C53C03E3}.Release|Any CPU.ActiveCfg = Release|x64
		{99710B3E-751C-4753-B5EA-4916C53C03E3}.Release|Any CPU.Build.0 = Release|x64
		{99710B3E-751C-4753-B5EA-4916C53C03E3}.Release|x64.ActiveCfg = Release|x64
		{99710B3E-751C-4753-B5EA-4916C53C03E3}.Release|x64.Build.0 = Release|x64
		{99710B3E-751C-4753-B5EA-4916C53C03E3}.Release|x86.ActiveCfg = Release|x64
		{99710B3E-751C-4753-B5EA-4916C53C03E3}.Release|x86.Build.0 = Release|x64
		{EAA82F0C-CB6D-4790-85AB-987F6977BAAF}.Debug|Any CPU.ActiveCfg = Debug|Any CPU
		{EAA82F0C-CB6D-4790-85AB-987F6977BAAF}.Debug|Any CPU.Build.0 = Debug|Any CPU
		{EAA82F0C-CB6D-4790-85AB-987F6977BAAF}.Debug|x64.ActiveCfg = Debug|Any CPU
		{EAA82F0C-CB6D-4790-85AB-987F6977BAAF}.Debug|x64.Build.0 = Debug|Any CPU
		{EAA82F0C-CB6D-4790-85AB-987F6977BAAF}.Debug|x86.ActiveCfg = Debug|Any CPU
		{EAA82F0C-CB6D-4790-85AB-987F6977BAAF}.Debug|x86.Build.0 = Debug|Any CPU
		{EAA82F0C-CB6D-4790-85AB-987F6977BAAF}.Release|Any CPU.ActiveCfg = Release|Any CPU
		{EAA82F0C-CB6D-4790-85AB-987F6977BAAF}.Release|Any CPU.Build.0 = Release|Any CPU
		{EAA82F0C-CB6D-4790-85AB-987F6977BAAF}.Release|x64.ActiveCfg = Release|Any CPU
		{EAA82F0C-CB6D-4790-85AB-987F6977BAAF}.Release|x64.Build.0 = Release|Any CPU
		{EAA82F0C-CB6D-4790-85AB-987F6977BAAF}.Release|x86.ActiveCfg = Release|Any CPU
		{EAA82F0C-CB6D-4790-85AB-987F6977BAAF}.Release|x86.Build.0 = Release|Any CPU
		{AAFFF868-CF06-4D1A-8136-75ACDF840F00}.Debug|Any CPU.ActiveCfg = Debug|Any CPU
		{AAFFF868-CF06-4D1A-8136-75ACDF840F00}.Debug|Any CPU.Build.0 = Debug|Any CPU
		{AAFFF868-CF06-4D1A-8136-75ACDF840F00}.Debug|x64.ActiveCfg = Debug|Any CPU
		{AAFFF868-CF06-4D1A-8136-75ACDF840F00}.Debug|x64.Build.0 = Debug|Any CPU
		{AAFFF868-CF06-4D1A-8136-75ACDF840F00}.Debug|x86.ActiveCfg = Debug|Any CPU
		{AAFFF868-CF06-4D1A-8136-75ACDF840F00}.Debug|x86.Build.0 = Debug|Any CPU
		{AAFFF868-CF06-4D1A-8136-75ACDF840F00}.Release|Any CPU.ActiveCfg = Release|Any CPU
		{AAFFF868-CF06-4D1A-8136-75ACDF840F00}.Release|Any CPU.Build.0 = Release|Any CPU
		{AAFFF868-CF06-4D1A-8136-75ACDF840F00}.Release|x64.ActiveCfg = Release|Any CPU
		{AAFFF868-CF06-4D1A-8136-75ACDF840F00}.Release|x64.Build.0 = Release|Any CPU
		{AAFFF868-CF06-4D1A-8136-75ACDF840F00}.Release|x86.ActiveCfg = Release|Any CPU
		{AAFFF868-CF06-4D1A-8136-75ACDF840F00}.Release|x86.Build.0 = Release|Any CPU
		{48117E56-328C-498D-AE49-299AC33AB300}.Debug|Any CPU.ActiveCfg = Debug|x64
		{48117E56-328C-498D-AE49-299AC33AB300}.Debug|Any CPU.Build.0 = Debug|x64
		{48117E56-328C-498D-AE49-299AC33AB300}.Debug|x64.ActiveCfg = Debug|x64
		{48117E56-328C-498D-AE49-299AC33AB300}.Debug|x64.Build.0 = Debug|x64
		{48117E56-328C-498D-AE49-299AC33AB300}.Debug|x86.ActiveCfg = Debug|Win32
		{48117E56-328C-498D-AE49-299AC33AB300}.Debug|x86.Build.0 = Debug|Win32
		{48117E56-328C-498D-AE49-299AC33AB300}.Release|Any CPU.ActiveCfg = Release|x64
		{48117E56-328C-498D-AE49-299AC33AB300}.Release|Any CPU.Build.0 = Release|x64
		{48117E56-328C-498D-AE49-299AC33AB300}.Release|x64.ActiveCfg = Release|x64
		{48117E56-328C-498D-AE49-299AC33AB300}.Release|x64.Build.0 = Release|x64
		{48117E56-328C-498D-AE49-299AC33AB300}.Release|x86.ActiveCfg = Release|Win32
		{48117E56-328C-498D-AE49-299AC33AB300}.Release|x86.Build.0 = Release|Win32
		{2E8FB959-85A6-44AC-A85C-4D51A3204D76}.Debug|Any CPU.ActiveCfg = Debug|x64
		{2E8FB959-85A6-44AC-A85C-4D51A3204D76}.Debug|Any CPU.Build.0 = Debug|x64
		{2E8FB959-85A6-44AC-A85C-4D51A3204D76}.Debug|x64.ActiveCfg = Debug|x64
		{2E8FB959-85A6-44AC-A85C-4D51A3204D76}.Debug|x64.Build.0 = Debug|x64
		{2E8FB959-85A6-44AC-A85C-4D51A3204D76}.Debug|x86.ActiveCfg = Debug|Win32
		{2E8FB959-85A6-44AC-A85C-4D51A3204D76}.Debug|x86.Build.0 = Debug|Win32
		{2E8FB959-85A6-44AC-A85C-4D51A3204D76}.Release|Any CPU.ActiveCfg = Release|x64
		{2E8FB959-85A6-44AC-A85C-4D51A3204D76}.Release|Any CPU.Build.0 = Release|x64
		{2E8FB959-85A6-44AC-A85C-4D51A3204D76}.Release|x64.ActiveCfg = Release|x64
		{2E8FB959-85A6-44AC-A85C-4D51A3204D76}.Release|x64.Build.0 = Release|x64
		{2E8FB959-85A6-44AC-A85C-4D51A3204D76}.Release|x86.ActiveCfg = Release|Win32
		{2E8FB959-85A6-44AC-A85C-4D51A3204D76}.Release|x86.Build.0 = Release|Win32
	EndGlobalSection
	GlobalSection(SolutionProperties) = preSolution
		HideSolutionNode = FALSE
	EndGlobalSection
	GlobalSection(NestedProjects) = preSolution
		{A9BB24BC-C7EC-42E9-BE13-C12CEBD681C6} = {80F5D162-B1E6-457B-BC22-C86016F278AF}
		{8F9141DE-F778-4FAD-9F5D-FA52E081AABB} = {527506C8-7576-4747-B5F8-A2FD6673C28B}
		{C7CAC111-A0D5-422A-9F9F-0779EE5AC763} = {8F9141DE-F778-4FAD-9F5D-FA52E081AABB}
		{CE3FDF51-36B7-459B-AA98-C77C7862737C} = {8F9141DE-F778-4FAD-9F5D-FA52E081AABB}
		{E4D29A9A-27F8-419F-A421-ADAA11450692} = {527506C8-7576-4747-B5F8-A2FD6673C28B}
		{3F944E66-DAD8-4D1C-B186-6879940FA713} = {80F5D162-B1E6-457B-BC22-C86016F278AF}
		{99710B3E-751C-4753-B5EA-4916C53C03E3} = {80F5D162-B1E6-457B-BC22-C86016F278AF}
		{EAA82F0C-CB6D-4790-85AB-987F6977BAAF} = {80F5D162-B1E6-457B-BC22-C86016F278AF}
		{AAFFF868-CF06-4D1A-8136-75ACDF840F00} = {A9BB24BC-C7EC-42E9-BE13-C12CEBD681C6}
		{48117E56-328C-498D-AE49-299AC33AB300} = {527506C8-7576-4747-B5F8-A2FD6673C28B}
		{2E8FB959-85A6-44AC-A85C-4D51A3204D76} = {527506C8-7576-4747-B5F8-A2FD6673C28B}
	EndGlobalSection
	GlobalSection(ExtensibilityGlobals) = postSolution
		SolutionGuid = {BACBB908-8762-4F30-AE74-7E080A93311B}
	EndGlobalSection
EndGlobal
