
Microsoft Visual Studio Solution File, Format Version 12.00
# Visual Studio Version 17
VisualStudioVersion = 17.1.32328.378
MinimumVisualStudioVersion = 10.0.40219.1
Project("{9A19103F-16F7-4668-BE54-9A1E7A4F7556}") = "Engine", "Engine\Engine.csproj", "{141550B7-F55A-49F1-ACE7-A2ACAACA9231}"
	ProjectSection(ProjectDependencies) = postProject
		{E0515DA7-A487-4B8F-9674-854AF8AB7855} = {E0515DA7-A487-4B8F-9674-854AF8AB7855}
	EndProjectSection
EndProject
Project("{2150E333-8FDC-42A3-9474-1A3956D46DE8}") = "Modules", "Modules", "{80F5D162-B1E6-457B-BC22-C86016F278AF}"
EndProject
Project("{9A19103F-16F7-4668-BE54-9A1E7A4F7556}") = "Engine.Core", "Modules\Engine.Core\Engine.Core.csproj", "{29BC0F43-0EEF-405A-A205-C0A976EAA2C6}"
EndProject
Project("{9A19103F-16F7-4668-BE54-9A1E7A4F7556}") = "Engine.Roslyn", "Modules\Engine.Roslyn\Engine.Roslyn.csproj", "{16304FAD-2292-4E14-A9B3-4A14A834B091}"
EndProject
Project("{9A19103F-16F7-4668-BE54-9A1E7A4F7556}") = "Engine.GPU", "Modules\Engine.GPU\Engine.GPU.csproj", "{664BA056-D8C9-412B-B6BE-34722E64B06F}"
EndProject
Project("{9A19103F-16F7-4668-BE54-9A1E7A4F7556}") = "Avalonia.Win32", "Libraries\Avalonia.Win32\Avalonia.Win32.csproj", "{48B3D85D-C5DA-47CE-879F-44293400CCCF}"
EndProject
Project("{2150E333-8FDC-42A3-9474-1A3956D46DE8}") = "Plugins", "Plugins", "{A9BB24BC-C7EC-42E9-BE13-C12CEBD681C6}"
EndProject
Project("{9A19103F-16F7-4668-BE54-9A1E7A4F7556}") = "GLTF", "Plugins\GLTF\GLTF.csproj", "{E0515DA7-A487-4B8F-9674-854AF8AB7855}"
EndProject
Project("{9A19103F-16F7-4668-BE54-9A1E7A4F7556}") = "Engine.Content", "Modules\Engine.Content\Engine.Content.csproj", "{89823F04-E234-4814-A287-126541EBC5C0}"
EndProject
Project("{2150E333-8FDC-42A3-9474-1A3956D46DE8}") = "Libraries", "Libraries", "{527506C8-7576-4747-B5F8-A2FD6673C28B}"
EndProject
Project("{8BC9CEB8-8B4A-11D0-8D11-00A0C91BC942}") = "MeshOptimize", "Libraries\MeshOptimizer.NET\MeshOptimizer.NET.vcxproj", "{DA327D92-A146-4002-8762-7C0BFE57279F}"
EndProject
Global
	GlobalSection(SolutionConfigurationPlatforms) = preSolution
		Debug|Any CPU = Debug|Any CPU
		Debug|x64 = Debug|x64
		Debug|x86 = Debug|x86
		Release|Any CPU = Release|Any CPU
		Release|x64 = Release|x64
		Release|x86 = Release|x86
	EndGlobalSection
	GlobalSection(ProjectConfigurationPlatforms) = postSolution
		{141550B7-F55A-49F1-ACE7-A2ACAACA9231}.Debug|Any CPU.ActiveCfg = Debug|Any CPU
		{141550B7-F55A-49F1-ACE7-A2ACAACA9231}.Debug|Any CPU.Build.0 = Debug|Any CPU
		{141550B7-F55A-49F1-ACE7-A2ACAACA9231}.Debug|x64.ActiveCfg = Debug|Any CPU
		{141550B7-F55A-49F1-ACE7-A2ACAACA9231}.Debug|x64.Build.0 = Debug|Any CPU
		{141550B7-F55A-49F1-ACE7-A2ACAACA9231}.Debug|x86.ActiveCfg = Debug|Any CPU
		{141550B7-F55A-49F1-ACE7-A2ACAACA9231}.Debug|x86.Build.0 = Debug|Any CPU
		{141550B7-F55A-49F1-ACE7-A2ACAACA9231}.Release|Any CPU.ActiveCfg = Release|Any CPU
		{141550B7-F55A-49F1-ACE7-A2ACAACA9231}.Release|Any CPU.Build.0 = Release|Any CPU
		{141550B7-F55A-49F1-ACE7-A2ACAACA9231}.Release|x64.ActiveCfg = Release|Any CPU
		{141550B7-F55A-49F1-ACE7-A2ACAACA9231}.Release|x64.Build.0 = Release|Any CPU
		{141550B7-F55A-49F1-ACE7-A2ACAACA9231}.Release|x86.ActiveCfg = Release|Any CPU
		{141550B7-F55A-49F1-ACE7-A2ACAACA9231}.Release|x86.Build.0 = Release|Any CPU
		{29BC0F43-0EEF-405A-A205-C0A976EAA2C6}.Debug|Any CPU.ActiveCfg = Debug|x64
		{29BC0F43-0EEF-405A-A205-C0A976EAA2C6}.Debug|Any CPU.Build.0 = Debug|x64
		{29BC0F43-0EEF-405A-A205-C0A976EAA2C6}.Debug|x64.ActiveCfg = Debug|x64
		{29BC0F43-0EEF-405A-A205-C0A976EAA2C6}.Debug|x64.Build.0 = Debug|x64
		{29BC0F43-0EEF-405A-A205-C0A976EAA2C6}.Debug|x86.ActiveCfg = Debug|x64
		{29BC0F43-0EEF-405A-A205-C0A976EAA2C6}.Debug|x86.Build.0 = Debug|x64
		{29BC0F43-0EEF-405A-A205-C0A976EAA2C6}.Release|Any CPU.ActiveCfg = Release|x64
		{29BC0F43-0EEF-405A-A205-C0A976EAA2C6}.Release|Any CPU.Build.0 = Release|x64
		{29BC0F43-0EEF-405A-A205-C0A976EAA2C6}.Release|x64.ActiveCfg = Release|x64
		{29BC0F43-0EEF-405A-A205-C0A976EAA2C6}.Release|x64.Build.0 = Release|x64
		{29BC0F43-0EEF-405A-A205-C0A976EAA2C6}.Release|x86.ActiveCfg = Release|x64
		{29BC0F43-0EEF-405A-A205-C0A976EAA2C6}.Release|x86.Build.0 = Release|x64
		{16304FAD-2292-4E14-A9B3-4A14A834B091}.Debug|Any CPU.ActiveCfg = Debug|Any CPU
		{16304FAD-2292-4E14-A9B3-4A14A834B091}.Debug|Any CPU.Build.0 = Debug|Any CPU
		{16304FAD-2292-4E14-A9B3-4A14A834B091}.Debug|x64.ActiveCfg = Debug|Any CPU
		{16304FAD-2292-4E14-A9B3-4A14A834B091}.Debug|x64.Build.0 = Debug|Any CPU
		{16304FAD-2292-4E14-A9B3-4A14A834B091}.Debug|x86.ActiveCfg = Debug|Any CPU
		{16304FAD-2292-4E14-A9B3-4A14A834B091}.Debug|x86.Build.0 = Debug|Any CPU
		{16304FAD-2292-4E14-A9B3-4A14A834B091}.Release|Any CPU.ActiveCfg = Release|Any CPU
		{16304FAD-2292-4E14-A9B3-4A14A834B091}.Release|Any CPU.Build.0 = Release|Any CPU
		{16304FAD-2292-4E14-A9B3-4A14A834B091}.Release|x64.ActiveCfg = Release|Any CPU
		{16304FAD-2292-4E14-A9B3-4A14A834B091}.Release|x64.Build.0 = Release|Any CPU
		{16304FAD-2292-4E14-A9B3-4A14A834B091}.Release|x86.ActiveCfg = Release|Any CPU
		{16304FAD-2292-4E14-A9B3-4A14A834B091}.Release|x86.Build.0 = Release|Any CPU
		{664BA056-D8C9-412B-B6BE-34722E64B06F}.Debug|Any CPU.ActiveCfg = Debug|x64
		{664BA056-D8C9-412B-B6BE-34722E64B06F}.Debug|Any CPU.Build.0 = Debug|x64
		{664BA056-D8C9-412B-B6BE-34722E64B06F}.Debug|x64.ActiveCfg = Debug|x64
		{664BA056-D8C9-412B-B6BE-34722E64B06F}.Debug|x64.Build.0 = Debug|x64
		{664BA056-D8C9-412B-B6BE-34722E64B06F}.Debug|x86.ActiveCfg = Debug|x64
		{664BA056-D8C9-412B-B6BE-34722E64B06F}.Debug|x86.Build.0 = Debug|x64
		{664BA056-D8C9-412B-B6BE-34722E64B06F}.Release|Any CPU.ActiveCfg = Release|x64
		{664BA056-D8C9-412B-B6BE-34722E64B06F}.Release|Any CPU.Build.0 = Release|x64
		{664BA056-D8C9-412B-B6BE-34722E64B06F}.Release|x64.ActiveCfg = Release|x64
		{664BA056-D8C9-412B-B6BE-34722E64B06F}.Release|x64.Build.0 = Release|x64
		{664BA056-D8C9-412B-B6BE-34722E64B06F}.Release|x86.ActiveCfg = Release|x64
		{664BA056-D8C9-412B-B6BE-34722E64B06F}.Release|x86.Build.0 = Release|x64
		{48B3D85D-C5DA-47CE-879F-44293400CCCF}.Debug|Any CPU.ActiveCfg = Debug|Any CPU
		{48B3D85D-C5DA-47CE-879F-44293400CCCF}.Debug|Any CPU.Build.0 = Debug|Any CPU
		{48B3D85D-C5DA-47CE-879F-44293400CCCF}.Debug|x64.ActiveCfg = Debug|Any CPU
		{48B3D85D-C5DA-47CE-879F-44293400CCCF}.Debug|x64.Build.0 = Debug|Any CPU
		{48B3D85D-C5DA-47CE-879F-44293400CCCF}.Debug|x86.ActiveCfg = Debug|Any CPU
		{48B3D85D-C5DA-47CE-879F-44293400CCCF}.Debug|x86.Build.0 = Debug|Any CPU
		{48B3D85D-C5DA-47CE-879F-44293400CCCF}.Release|Any CPU.ActiveCfg = Release|Any CPU
		{48B3D85D-C5DA-47CE-879F-44293400CCCF}.Release|Any CPU.Build.0 = Release|Any CPU
		{48B3D85D-C5DA-47CE-879F-44293400CCCF}.Release|x64.ActiveCfg = Release|Any CPU
		{48B3D85D-C5DA-47CE-879F-44293400CCCF}.Release|x64.Build.0 = Release|Any CPU
		{48B3D85D-C5DA-47CE-879F-44293400CCCF}.Release|x86.ActiveCfg = Release|Any CPU
		{48B3D85D-C5DA-47CE-879F-44293400CCCF}.Release|x86.Build.0 = Release|Any CPU
		{E0515DA7-A487-4B8F-9674-854AF8AB7855}.Debug|Any CPU.ActiveCfg = Debug|Any CPU
		{E0515DA7-A487-4B8F-9674-854AF8AB7855}.Debug|Any CPU.Build.0 = Debug|Any CPU
		{E0515DA7-A487-4B8F-9674-854AF8AB7855}.Debug|x64.ActiveCfg = Debug|Any CPU
		{E0515DA7-A487-4B8F-9674-854AF8AB7855}.Debug|x64.Build.0 = Debug|Any CPU
		{E0515DA7-A487-4B8F-9674-854AF8AB7855}.Debug|x86.ActiveCfg = Debug|Any CPU
		{E0515DA7-A487-4B8F-9674-854AF8AB7855}.Debug|x86.Build.0 = Debug|Any CPU
		{E0515DA7-A487-4B8F-9674-854AF8AB7855}.Release|Any CPU.ActiveCfg = Release|Any CPU
		{E0515DA7-A487-4B8F-9674-854AF8AB7855}.Release|Any CPU.Build.0 = Release|Any CPU
		{E0515DA7-A487-4B8F-9674-854AF8AB7855}.Release|x64.ActiveCfg = Release|Any CPU
		{E0515DA7-A487-4B8F-9674-854AF8AB7855}.Release|x64.Build.0 = Release|Any CPU
		{E0515DA7-A487-4B8F-9674-854AF8AB7855}.Release|x86.ActiveCfg = Release|Any CPU
		{E0515DA7-A487-4B8F-9674-854AF8AB7855}.Release|x86.Build.0 = Release|Any CPU
		{89823F04-E234-4814-A287-126541EBC5C0}.Debug|Any CPU.ActiveCfg = Debug|Any CPU
		{89823F04-E234-4814-A287-126541EBC5C0}.Debug|Any CPU.Build.0 = Debug|Any CPU
		{89823F04-E234-4814-A287-126541EBC5C0}.Debug|x64.ActiveCfg = Debug|Any CPU
		{89823F04-E234-4814-A287-126541EBC5C0}.Debug|x64.Build.0 = Debug|Any CPU
		{89823F04-E234-4814-A287-126541EBC5C0}.Debug|x86.ActiveCfg = Debug|Any CPU
		{89823F04-E234-4814-A287-126541EBC5C0}.Debug|x86.Build.0 = Debug|Any CPU
		{89823F04-E234-4814-A287-126541EBC5C0}.Release|Any CPU.ActiveCfg = Release|Any CPU
		{89823F04-E234-4814-A287-126541EBC5C0}.Release|Any CPU.Build.0 = Release|Any CPU
		{89823F04-E234-4814-A287-126541EBC5C0}.Release|x64.ActiveCfg = Release|Any CPU
		{89823F04-E234-4814-A287-126541EBC5C0}.Release|x64.Build.0 = Release|Any CPU
		{89823F04-E234-4814-A287-126541EBC5C0}.Release|x86.ActiveCfg = Release|Any CPU
		{89823F04-E234-4814-A287-126541EBC5C0}.Release|x86.Build.0 = Release|Any CPU
		{DA327D92-A146-4002-8762-7C0BFE57279F}.Debug|Any CPU.ActiveCfg = Debug|x64
		{DA327D92-A146-4002-8762-7C0BFE57279F}.Debug|Any CPU.Build.0 = Debug|x64
		{DA327D92-A146-4002-8762-7C0BFE57279F}.Debug|x64.ActiveCfg = Debug|x64
		{DA327D92-A146-4002-8762-7C0BFE57279F}.Debug|x64.Build.0 = Debug|x64
		{DA327D92-A146-4002-8762-7C0BFE57279F}.Debug|x86.ActiveCfg = Debug|Win32
		{DA327D92-A146-4002-8762-7C0BFE57279F}.Debug|x86.Build.0 = Debug|Win32
		{DA327D92-A146-4002-8762-7C0BFE57279F}.Release|Any CPU.ActiveCfg = Release|x64
		{DA327D92-A146-4002-8762-7C0BFE57279F}.Release|Any CPU.Build.0 = Release|x64
		{DA327D92-A146-4002-8762-7C0BFE57279F}.Release|x64.ActiveCfg = Release|x64
		{DA327D92-A146-4002-8762-7C0BFE57279F}.Release|x64.Build.0 = Release|x64
		{DA327D92-A146-4002-8762-7C0BFE57279F}.Release|x86.ActiveCfg = Release|Win32
		{DA327D92-A146-4002-8762-7C0BFE57279F}.Release|x86.Build.0 = Release|Win32
	EndGlobalSection
	GlobalSection(SolutionProperties) = preSolution
		HideSolutionNode = FALSE
	EndGlobalSection
	GlobalSection(NestedProjects) = preSolution
		{29BC0F43-0EEF-405A-A205-C0A976EAA2C6} = {80F5D162-B1E6-457B-BC22-C86016F278AF}
		{16304FAD-2292-4E14-A9B3-4A14A834B091} = {80F5D162-B1E6-457B-BC22-C86016F278AF}
		{664BA056-D8C9-412B-B6BE-34722E64B06F} = {80F5D162-B1E6-457B-BC22-C86016F278AF}
		{48B3D85D-C5DA-47CE-879F-44293400CCCF} = {527506C8-7576-4747-B5F8-A2FD6673C28B}
		{A9BB24BC-C7EC-42E9-BE13-C12CEBD681C6} = {80F5D162-B1E6-457B-BC22-C86016F278AF}
		{E0515DA7-A487-4B8F-9674-854AF8AB7855} = {A9BB24BC-C7EC-42E9-BE13-C12CEBD681C6}
		{89823F04-E234-4814-A287-126541EBC5C0} = {80F5D162-B1E6-457B-BC22-C86016F278AF}
		{DA327D92-A146-4002-8762-7C0BFE57279F} = {527506C8-7576-4747-B5F8-A2FD6673C28B}
	EndGlobalSection
	GlobalSection(ExtensibilityGlobals) = postSolution
		SolutionGuid = {BACBB908-8762-4F30-AE74-7E080A93311B}
	EndGlobalSection
EndGlobal
